Microsoft Visual Studio Solution File, Format Version 12.00
# Visual Studio 2012
Project("{FAE04EC0-301F-11D3-BF4B-00C04F79EFBC}") = "Crypto Farmer", "Crypto Farmer.csproj", "{14C344C7-72E9-48F6-89F6-A5BEE9CB3BBF}"
EndProject
Global
	GlobalSection(SolutionConfigurationPlatforms) = preSolution
	Debug|Any CPU = Debug|Any CPU
	ExportDebug|Any CPU = ExportDebug|Any CPU
	ExportRelease|Any CPU = ExportRelease|Any CPU
	EndGlobalSection
	GlobalSection(ProjectConfigurationPlatforms) = postSolution
		{14C344C7-72E9-48F6-89F6-A5BEE9CB3BBF}.Debug|Any CPU.ActiveCfg = Debug|Any CPU
		{14C344C7-72E9-48F6-89F6-A5BEE9CB3BBF}.Debug|Any CPU.Build.0 = Debug|Any CPU
		{14C344C7-72E9-48F6-89F6-A5BEE9CB3BBF}.ExportDebug|Any CPU.ActiveCfg = ExportDebug|Any CPU
		{14C344C7-72E9-48F6-89F6-A5BEE9CB3BBF}.ExportDebug|Any CPU.Build.0 = ExportDebug|Any CPU
		{14C344C7-72E9-48F6-89F6-A5BEE9CB3BBF}.ExportRelease|Any CPU.ActiveCfg = ExportRelease|Any CPU
		{14C344C7-72E9-48F6-89F6-A5BEE9CB3BBF}.ExportRelease|Any CPU.Build.0 = ExportRelease|Any CPU
	EndGlobalSection
EndGlobal
